
Microsoft Visual Studio Solution File, Format Version 12.00
# Visual Studio Version 17
VisualStudioVersion = 17.10.35027.167
MinimumVisualStudioVersion = 10.0.40219.1
Project("{FAE04EC0-301F-11D3-BF4B-00C04F79EFBC}") = "ExcelAssessment", "ExcelAssessment\ExcelAssessment.csproj", "{04B0418B-9844-4106-B71E-A780DF17AF04}"
EndProject
Global
	GlobalSection(SolutionConfigurationPlatforms) = preSolution
		Debug|Any CPU = Debug|Any CPU
		Release|Any CPU = Release|Any CPU
	EndGlobalSection
	GlobalSection(ProjectConfigurationPlatforms) = postSolution
		{04B0418B-9844-4106-B71E-A780DF17AF04}.Debug|Any CPU.ActiveCfg = Debug|Any CPU
		{04B0418B-9844-4106-B71E-A780DF17AF04}.Debug|Any CPU.Build.0 = Debug|Any CPU
		{04B0418B-9844-4106-B71E-A780DF17AF04}.Release|Any CPU.ActiveCfg = Release|Any CPU
		{04B0418B-9844-4106-B71E-A780DF17AF04}.Release|Any CPU.Build.0 = Release|Any CPU
	EndGlobalSection
	GlobalSection(SolutionProperties) = preSolution
		HideSolutionNode = FALSE
	EndGlobalSection
	GlobalSection(ExtensibilityGlobals) = postSolution
		SolutionGuid = {3A1FA44B-AA2F-4BEC-8481-E4A6325F9ABD}
	EndGlobalSection
EndGlobal
